// !$*UTF8*$!
{
	archiveVersion = 1;
	classes = {
	};
	objectVersion = 46;
	objects = {

/* Begin PBXBuildFile section */
		339A7E811A3F084A0015BBC1 /* main.m in Sources */ = {isa = PBXBuildFile; fileRef = 339A7E801A3F084A0015BBC1 /* main.m */; };
		339A7E841A3F084A0015BBC1 /* AppDelegate.m in Sources */ = {isa = PBXBuildFile; fileRef = 339A7E831A3F084A0015BBC1 /* AppDelegate.m */; };
		339A7E8A1A3F084A0015BBC1 /* Main.storyboard in Resources */ = {isa = PBXBuildFile; fileRef = 339A7E881A3F084A0015BBC1 /* Main.storyboard */; };
		339A7E8C1A3F084A0015BBC1 /* Images.xcassets in Resources */ = {isa = PBXBuildFile; fileRef = 339A7E8B1A3F084A0015BBC1 /* Images.xcassets */; };
		339A7E8F1A3F084A0015BBC1 /* LaunchScreen.xib in Resources */ = {isa = PBXBuildFile; fileRef = 339A7E8D1A3F084A0015BBC1 /* LaunchScreen.xib */; };
		339A7E9B1A3F084A0015BBC1 /* ChatTests.m in Sources */ = {isa = PBXBuildFile; fileRef = 339A7E9A1A3F084A0015BBC1 /* ChatTests.m */; };
		339A7EA71A3F0F5B0015BBC1 /* SKYRootViewController.m in Sources */ = {isa = PBXBuildFile; fileRef = 339A7EA61A3F0F5B0015BBC1 /* SKYRootViewController.m */; };
		339A7EAA1A3F12840015BBC1 /* SKYLeftMenuViewController.m in Sources */ = {isa = PBXBuildFile; fileRef = 339A7EA91A3F12840015BBC1 /* SKYLeftMenuViewController.m */; };
		339A7EAD1A3F157C0015BBC1 /* SKYHomeViewController.m in Sources */ = {isa = PBXBuildFile; fileRef = 339A7EAC1A3F157C0015BBC1 /* SKYHomeViewController.m */; };
		9A2DC045F1C5400C83BEC531 /* libPods-Chat.a in Frameworks */ = {isa = PBXBuildFile; fileRef = 79C342EB1966D53CE35A401F /* libPods-Chat.a */; };
/* End PBXBuildFile section */

/* Begin PBXContainerItemProxy section */
		339A7E951A3F084A0015BBC1 /* PBXContainerItemProxy */ = {
			isa = PBXContainerItemProxy;
			containerPortal = 339A7E731A3F084A0015BBC1 /* Project object */;
			proxyType = 1;
			remoteGlobalIDString = 339A7E7A1A3F084A0015BBC1;
			remoteInfo = Chat;
		};
/* End PBXContainerItemProxy section */

/* Begin PBXFileReference section */
		1405261CEFFC296ED4719A50 /* Pods-Chat.release.xcconfig */ = {isa = PBXFileReference; includeInIndex = 1; lastKnownFileType = text.xcconfig; name = "Pods-Chat.release.xcconfig"; path = "Pods/Target Support Files/Pods-Chat/Pods-Chat.release.xcconfig"; sourceTree = "<group>"; };
		339A7E7B1A3F084A0015BBC1 /* Chat.app */ = {isa = PBXFileReference; explicitFileType = wrapper.application; includeInIndex = 0; path = Chat.app; sourceTree = BUILT_PRODUCTS_DIR; };
		339A7E7F1A3F084A0015BBC1 /* Info.plist */ = {isa = PBXFileReference; lastKnownFileType = text.plist.xml; path = Info.plist; sourceTree = "<group>"; };
		339A7E801A3F084A0015BBC1 /* main.m */ = {isa = PBXFileReference; lastKnownFileType = sourcecode.c.objc; path = main.m; sourceTree = "<group>"; };
		339A7E821A3F084A0015BBC1 /* AppDelegate.h */ = {isa = PBXFileReference; lastKnownFileType = sourcecode.c.h; path = AppDelegate.h; sourceTree = "<group>"; };
		339A7E831A3F084A0015BBC1 /* AppDelegate.m */ = {isa = PBXFileReference; lastKnownFileType = sourcecode.c.objc; path = AppDelegate.m; sourceTree = "<group>"; };
		339A7E891A3F084A0015BBC1 /* Base */ = {isa = PBXFileReference; lastKnownFileType = file.storyboard; name = Base; path = Base.lproj/Main.storyboard; sourceTree = "<group>"; };
		339A7E8B1A3F084A0015BBC1 /* Images.xcassets */ = {isa = PBXFileReference; lastKnownFileType = folder.assetcatalog; path = Images.xcassets; sourceTree = "<group>"; };
		339A7E8E1A3F084A0015BBC1 /* Base */ = {isa = PBXFileReference; lastKnownFileType = file.xib; name = Base; path = Base.lproj/LaunchScreen.xib; sourceTree = "<group>"; };
		339A7E941A3F084A0015BBC1 /* ChatTests.xctest */ = {isa = PBXFileReference; explicitFileType = wrapper.cfbundle; includeInIndex = 0; path = ChatTests.xctest; sourceTree = BUILT_PRODUCTS_DIR; };
		339A7E991A3F084A0015BBC1 /* Info.plist */ = {isa = PBXFileReference; lastKnownFileType = text.plist.xml; path = Info.plist; sourceTree = "<group>"; };
		339A7E9A1A3F084A0015BBC1 /* ChatTests.m */ = {isa = PBXFileReference; lastKnownFileType = sourcecode.c.objc; path = ChatTests.m; sourceTree = "<group>"; };
		339A7EA51A3F0F5B0015BBC1 /* SKYRootViewController.h */ = {isa = PBXFileReference; fileEncoding = 4; lastKnownFileType = sourcecode.c.h; path = SKYRootViewController.h; sourceTree = "<group>"; };
		339A7EA61A3F0F5B0015BBC1 /* SKYRootViewController.m */ = {isa = PBXFileReference; fileEncoding = 4; lastKnownFileType = sourcecode.c.objc; path = SKYRootViewController.m; sourceTree = "<group>"; };
		339A7EA81A3F12840015BBC1 /* SKYLeftMenuViewController.h */ = {isa = PBXFileReference; fileEncoding = 4; lastKnownFileType = sourcecode.c.h; path = SKYLeftMenuViewController.h; sourceTree = "<group>"; };
		339A7EA91A3F12840015BBC1 /* SKYLeftMenuViewController.m */ = {isa = PBXFileReference; fileEncoding = 4; lastKnownFileType = sourcecode.c.objc; path = SKYLeftMenuViewController.m; sourceTree = "<group>"; };
		339A7EAB1A3F157C0015BBC1 /* SKYHomeViewController.h */ = {isa = PBXFileReference; fileEncoding = 4; lastKnownFileType = sourcecode.c.h; path = SKYHomeViewController.h; sourceTree = "<group>"; };
		339A7EAC1A3F157C0015BBC1 /* SKYHomeViewController.m */ = {isa = PBXFileReference; fileEncoding = 4; lastKnownFileType = sourcecode.c.objc; path = SKYHomeViewController.m; sourceTree = "<group>"; };
		79C342EB1966D53CE35A401F /* libPods-Chat.a */ = {isa = PBXFileReference; explicitFileType = archive.ar; includeInIndex = 0; path = "libPods-Chat.a"; sourceTree = BUILT_PRODUCTS_DIR; };
		A36F5054656FE4FEF184D5F9 /* Pods-Chat.debug.xcconfig */ = {isa = PBXFileReference; includeInIndex = 1; lastKnownFileType = text.xcconfig; name = "Pods-Chat.debug.xcconfig"; path = "Pods/Target Support Files/Pods-Chat/Pods-Chat.debug.xcconfig"; sourceTree = "<group>"; };
/* End PBXFileReference section */

/* Begin PBXFrameworksBuildPhase section */
		339A7E781A3F084A0015BBC1 /* Frameworks */ = {
			isa = PBXFrameworksBuildPhase;
			buildActionMask = 2147483647;
			files = (
				9A2DC045F1C5400C83BEC531 /* libPods-Chat.a in Frameworks */,
			);
			runOnlyForDeploymentPostprocessing = 0;
		};
		339A7E911A3F084A0015BBC1 /* Frameworks */ = {
			isa = PBXFrameworksBuildPhase;
			buildActionMask = 2147483647;
			files = (
			);
			runOnlyForDeploymentPostprocessing = 0;
		};
/* End PBXFrameworksBuildPhase section */

/* Begin PBXGroup section */
		27D73AEEDB15C2EF5CF6AC56 /* Frameworks */ = {
			isa = PBXGroup;
			children = (
				79C342EB1966D53CE35A401F /* libPods-Chat.a */,
			);
			name = Frameworks;
			sourceTree = "<group>";
		};
		339A7E721A3F084A0015BBC1 = {
			isa = PBXGroup;
			children = (
				339A7E7D1A3F084A0015BBC1 /* Chat */,
				339A7E971A3F084A0015BBC1 /* ChatTests */,
				339A7E7C1A3F084A0015BBC1 /* Products */,
				5535EA6D192C1B0D5AFFFFD0 /* Pods */,
				27D73AEEDB15C2EF5CF6AC56 /* Frameworks */,
			);
			sourceTree = "<group>";
		};
		339A7E7C1A3F084A0015BBC1 /* Products */ = {
			isa = PBXGroup;
			children = (
				339A7E7B1A3F084A0015BBC1 /* Chat.app */,
				339A7E941A3F084A0015BBC1 /* ChatTests.xctest */,
			);
			name = Products;
			sourceTree = "<group>";
		};
		339A7E7D1A3F084A0015BBC1 /* Chat */ = {
			isa = PBXGroup;
			children = (
				339A7EA41A3F0EA30015BBC1 /* Controllers */,
				339A7E821A3F084A0015BBC1 /* AppDelegate.h */,
				339A7E831A3F084A0015BBC1 /* AppDelegate.m */,
				339A7E881A3F084A0015BBC1 /* Main.storyboard */,
				339A7E8B1A3F084A0015BBC1 /* Images.xcassets */,
				339A7E8D1A3F084A0015BBC1 /* LaunchScreen.xib */,
				339A7E7E1A3F084A0015BBC1 /* Supporting Files */,
			);
			path = Chat;
			sourceTree = "<group>";
		};
		339A7E7E1A3F084A0015BBC1 /* Supporting Files */ = {
			isa = PBXGroup;
			children = (
				339A7E7F1A3F084A0015BBC1 /* Info.plist */,
				339A7E801A3F084A0015BBC1 /* main.m */,
			);
			name = "Supporting Files";
			sourceTree = "<group>";
		};
		339A7E971A3F084A0015BBC1 /* ChatTests */ = {
			isa = PBXGroup;
			children = (
				339A7E9A1A3F084A0015BBC1 /* ChatTests.m */,
				339A7E981A3F084A0015BBC1 /* Supporting Files */,
			);
			path = ChatTests;
			sourceTree = "<group>";
		};
		339A7E981A3F084A0015BBC1 /* Supporting Files */ = {
			isa = PBXGroup;
			children = (
				339A7E991A3F084A0015BBC1 /* Info.plist */,
			);
			name = "Supporting Files";
			sourceTree = "<group>";
		};
		339A7EA41A3F0EA30015BBC1 /* Controllers */ = {
			isa = PBXGroup;
			children = (
				339A7EA51A3F0F5B0015BBC1 /* SKYRootViewController.h */,
				339A7EA61A3F0F5B0015BBC1 /* SKYRootViewController.m */,
				339A7EA81A3F12840015BBC1 /* SKYLeftMenuViewController.h */,
				339A7EA91A3F12840015BBC1 /* SKYLeftMenuViewController.m */,
				339A7EAB1A3F157C0015BBC1 /* SKYHomeViewController.h */,
				339A7EAC1A3F157C0015BBC1 /* SKYHomeViewController.m */,
			);
			path = Controllers;
			sourceTree = "<group>";
		};
		5535EA6D192C1B0D5AFFFFD0 /* Pods */ = {
			isa = PBXGroup;
			children = (
				A36F5054656FE4FEF184D5F9 /* Pods-Chat.debug.xcconfig */,
				1405261CEFFC296ED4719A50 /* Pods-Chat.release.xcconfig */,
			);
			name = Pods;
			sourceTree = "<group>";
		};
/* End PBXGroup section */

/* Begin PBXNativeTarget section */
		339A7E7A1A3F084A0015BBC1 /* Chat */ = {
			isa = PBXNativeTarget;
			buildConfigurationList = 339A7E9E1A3F084A0015BBC1 /* Build configuration list for PBXNativeTarget "Chat" */;
			buildPhases = (
				B654DA04DD04EE8C53466D68 /* Check Pods Manifest.lock */,
				339A7E771A3F084A0015BBC1 /* Sources */,
				339A7E781A3F084A0015BBC1 /* Frameworks */,
				339A7E791A3F084A0015BBC1 /* Resources */,
				20CB6C70A2077517001214B4 /* Copy Pods Resources */,
			);
			buildRules = (
			);
			dependencies = (
			);
			name = Chat;
			productName = Chat;
			productReference = 339A7E7B1A3F084A0015BBC1 /* Chat.app */;
			productType = "com.apple.product-type.application";
		};
		339A7E931A3F084A0015BBC1 /* ChatTests */ = {
			isa = PBXNativeTarget;
			buildConfigurationList = 339A7EA11A3F084A0015BBC1 /* Build configuration list for PBXNativeTarget "ChatTests" */;
			buildPhases = (
				339A7E901A3F084A0015BBC1 /* Sources */,
				339A7E911A3F084A0015BBC1 /* Frameworks */,
				339A7E921A3F084A0015BBC1 /* Resources */,
			);
			buildRules = (
			);
			dependencies = (
				339A7E961A3F084A0015BBC1 /* PBXTargetDependency */,
			);
			name = ChatTests;
			productName = ChatTests;
			productReference = 339A7E941A3F084A0015BBC1 /* ChatTests.xctest */;
			productType = "com.apple.product-type.bundle.unit-test";
		};
/* End PBXNativeTarget section */

/* Begin PBXProject section */
		339A7E731A3F084A0015BBC1 /* Project object */ = {
			isa = PBXProject;
			attributes = {
				LastUpgradeCheck = 0610;
				ORGANIZATIONNAME = sky;
				TargetAttributes = {
					339A7E7A1A3F084A0015BBC1 = {
						CreatedOnToolsVersion = 6.1.1;
					};
					339A7E931A3F084A0015BBC1 = {
						CreatedOnToolsVersion = 6.1.1;
						TestTargetID = 339A7E7A1A3F084A0015BBC1;
					};
				};
			};
			buildConfigurationList = 339A7E761A3F084A0015BBC1 /* Build configuration list for PBXProject "Chat" */;
			compatibilityVersion = "Xcode 3.2";
			developmentRegion = English;
			hasScannedForEncodings = 0;
			knownRegions = (
				en,
				Base,
			);
			mainGroup = 339A7E721A3F084A0015BBC1;
			productRefGroup = 339A7E7C1A3F084A0015BBC1 /* Products */;
			projectDirPath = "";
			projectRoot = "";
			targets = (
				339A7E7A1A3F084A0015BBC1 /* Chat */,
				339A7E931A3F084A0015BBC1 /* ChatTests */,
			);
		};
/* End PBXProject section */

/* Begin PBXResourcesBuildPhase section */
		339A7E791A3F084A0015BBC1 /* Resources */ = {
			isa = PBXResourcesBuildPhase;
			buildActionMask = 2147483647;
			files = (
				339A7E8A1A3F084A0015BBC1 /* Main.storyboard in Resources */,
				339A7E8F1A3F084A0015BBC1 /* LaunchScreen.xib in Resources */,
				339A7E8C1A3F084A0015BBC1 /* Images.xcassets in Resources */,
			);
			runOnlyForDeploymentPostprocessing = 0;
		};
		339A7E921A3F084A0015BBC1 /* Resources */ = {
			isa = PBXResourcesBuildPhase;
			buildActionMask = 2147483647;
			files = (
			);
			runOnlyForDeploymentPostprocessing = 0;
		};
/* End PBXResourcesBuildPhase section */

/* Begin PBXShellScriptBuildPhase section */
		20CB6C70A2077517001214B4 /* Copy Pods Resources */ = {
			isa = PBXShellScriptBuildPhase;
			buildActionMask = 2147483647;
			files = (
			);
			inputPaths = (
			);
			name = "Copy Pods Resources";
			outputPaths = (
			);
			runOnlyForDeploymentPostprocessing = 0;
			shellPath = /bin/sh;
			shellScript = "\"${SRCROOT}/Pods/Target Support Files/Pods-Chat/Pods-Chat-resources.sh\"\n";
			showEnvVarsInLog = 0;
		};
		B654DA04DD04EE8C53466D68 /* Check Pods Manifest.lock */ = {
			isa = PBXShellScriptBuildPhase;
			buildActionMask = 2147483647;
			files = (
			);
			inputPaths = (
			);
			name = "Check Pods Manifest.lock";
			outputPaths = (
			);
			runOnlyForDeploymentPostprocessing = 0;
			shellPath = /bin/sh;
			shellScript = "diff \"${PODS_ROOT}/../Podfile.lock\" \"${PODS_ROOT}/Manifest.lock\" > /dev/null\nif [[ $? != 0 ]] ; then\n    cat << EOM\nerror: The sandbox is not in sync with the Podfile.lock. Run 'pod install' or update your CocoaPods installation.\nEOM\n    exit 1\nfi\n";
			showEnvVarsInLog = 0;
		};
/* End PBXShellScriptBuildPhase section */

/* Begin PBXSourcesBuildPhase section */
		339A7E771A3F084A0015BBC1 /* Sources */ = {
			isa = PBXSourcesBuildPhase;
			buildActionMask = 2147483647;
			files = (
				339A7EA71A3F0F5B0015BBC1 /* SKYRootViewController.m in Sources */,
				339A7EAA1A3F12840015BBC1 /* SKYLeftMenuViewController.m in Sources */,
				339A7EAD1A3F157C0015BBC1 /* SKYHomeViewController.m in Sources */,
				339A7E841A3F084A0015BBC1 /* AppDelegate.m in Sources */,
				339A7E811A3F084A0015BBC1 /* main.m in Sources */,
			);
			runOnlyForDeploymentPostprocessing = 0;
		};
		339A7E901A3F084A0015BBC1 /* Sources */ = {
			isa = PBXSourcesBuildPhase;
			buildActionMask = 2147483647;
			files = (
				339A7E9B1A3F084A0015BBC1 /* ChatTests.m in Sources */,
			);
			runOnlyForDeploymentPostprocessing = 0;
		};
/* End PBXSourcesBuildPhase section */

/* Begin PBXTargetDependency section */
		339A7E961A3F084A0015BBC1 /* PBXTargetDependency */ = {
			isa = PBXTargetDependency;
			target = 339A7E7A1A3F084A0015BBC1 /* Chat */;
			targetProxy = 339A7E951A3F084A0015BBC1 /* PBXContainerItemProxy */;
		};
/* End PBXTargetDependency section */

/* Begin PBXVariantGroup section */
		339A7E881A3F084A0015BBC1 /* Main.storyboard */ = {
			isa = PBXVariantGroup;
			children = (
				339A7E891A3F084A0015BBC1 /* Base */,
			);
			name = Main.storyboard;
			sourceTree = "<group>";
		};
		339A7E8D1A3F084A0015BBC1 /* LaunchScreen.xib */ = {
			isa = PBXVariantGroup;
			children = (
				339A7E8E1A3F084A0015BBC1 /* Base */,
			);
			name = LaunchScreen.xib;
			sourceTree = "<group>";
		};
/* End PBXVariantGroup section */

/* Begin XCBuildConfiguration section */
		339A7E9C1A3F084A0015BBC1 /* Debug */ = {
			isa = XCBuildConfiguration;
			buildSettings = {
				ALWAYS_SEARCH_USER_PATHS = NO;
				CLANG_CXX_LANGUAGE_STANDARD = "gnu++0x";
				CLANG_CXX_LIBRARY = "libc++";
				CLANG_ENABLE_MODULES = YES;
				CLANG_ENABLE_OBJC_ARC = YES;
				CLANG_WARN_BOOL_CONVERSION = YES;
				CLANG_WARN_CONSTANT_CONVERSION = YES;
				CLANG_WARN_DIRECT_OBJC_ISA_USAGE = YES_ERROR;
				CLANG_WARN_EMPTY_BODY = YES;
				CLANG_WARN_ENUM_CONVERSION = YES;
				CLANG_WARN_INT_CONVERSION = YES;
				CLANG_WARN_OBJC_ROOT_CLASS = YES_ERROR;
				CLANG_WARN_UNREACHABLE_CODE = YES;
				CLANG_WARN__DUPLICATE_METHOD_MATCH = YES;
				"CODE_SIGN_IDENTITY[sdk=iphoneos*]" = "iPhone Developer";
				COPY_PHASE_STRIP = NO;
				ENABLE_STRICT_OBJC_MSGSEND = YES;
				GCC_C_LANGUAGE_STANDARD = gnu99;
				GCC_DYNAMIC_NO_PIC = NO;
				GCC_OPTIMIZATION_LEVEL = 0;
				GCC_PREPROCESSOR_DEFINITIONS = (
					"DEBUG=1",
					"$(inherited)",
				);
				GCC_SYMBOLS_PRIVATE_EXTERN = NO;
				GCC_WARN_64_TO_32_BIT_CONVERSION = YES;
				GCC_WARN_ABOUT_RETURN_TYPE = YES_ERROR;
				GCC_WARN_UNDECLARED_SELECTOR = YES;
				GCC_WARN_UNINITIALIZED_AUTOS = YES_AGGRESSIVE;
				GCC_WARN_UNUSED_FUNCTION = YES;
				GCC_WARN_UNUSED_VARIABLE = YES;
				IPHONEOS_DEPLOYMENT_TARGET = 8.1;
				MTL_ENABLE_DEBUG_INFO = YES;
				ONLY_ACTIVE_ARCH = YES;
				SDKROOT = iphoneos;
			};
			name = Debug;
		};
		339A7E9D1A3F084A0015BBC1 /* Release */ = {
			isa = XCBuildConfiguration;
			buildSettings = {
				ALWAYS_SEARCH_USER_PATHS = NO;
				CLANG_CXX_LANGUAGE_STANDARD = "gnu++0x";
				CLANG_CXX_LIBRARY = "libc++";
				CLANG_ENABLE_MODULES = YES;
				CLANG_ENABLE_OBJC_ARC = YES;
				CLANG_WARN_BOOL_CONVERSION = YES;
				CLANG_WARN_CONSTANT_CONVERSION = YES;
				CLANG_WARN_DIRECT_OBJC_ISA_USAGE = YES_ERROR;
				CLANG_WARN_EMPTY_BODY = YES;
				CLANG_WARN_ENUM_CONVERSION = YES;
				CLANG_WARN_INT_CONVERSION = YES;
				CLANG_WARN_OBJC_ROOT_CLASS = YES_ERROR;
				CLANG_WARN_UNREACHABLE_CODE = YES;
				CLANG_WARN__DUPLICATE_METHOD_MATCH = YES;
				"CODE_SIGN_IDENTITY[sdk=iphoneos*]" = "iPhone Developer";
				COPY_PHASE_STRIP = YES;
				ENABLE_NS_ASSERTIONS = NO;
				ENABLE_STRICT_OBJC_MSGSEND = YES;
				GCC_C_LANGUAGE_STANDARD = gnu99;
				GCC_WARN_64_TO_32_BIT_CONVERSION = YES;
				GCC_WARN_ABOUT_RETURN_TYPE = YES_ERROR;
				GCC_WARN_UNDECLARED_SELECTOR = YES;
				GCC_WARN_UNINITIALIZED_AUTOS = YES_AGGRESSIVE;
				GCC_WARN_UNUSED_FUNCTION = YES;
				GCC_WARN_UNUSED_VARIABLE = YES;
				IPHONEOS_DEPLOYMENT_TARGET = 8.1;
				MTL_ENABLE_DEBUG_INFO = NO;
				SDKROOT = iphoneos;
				VALIDATE_PRODUCT = YES;
			};
			name = Release;
		};
		339A7E9F1A3F084A0015BBC1 /* Debug */ = {
			isa = XCBuildConfiguration;
			baseConfigurationReference = A36F5054656FE4FEF184D5F9 /* Pods-Chat.debug.xcconfig */;
			buildSettings = {
				ASSETCATALOG_COMPILER_APPICON_NAME = AppIcon;
				INFOPLIST_FILE = Chat/Info.plist;
				LD_RUNPATH_SEARCH_PATHS = "$(inherited) @executable_path/Frameworks";
				PRODUCT_NAME = "$(TARGET_NAME)";
			};
			name = Debug;
		};
		339A7EA01A3F084A0015BBC1 /* Release */ = {
			isa = XCBuildConfiguration;
			baseConfigurationReference = 1405261CEFFC296ED4719A50 /* Pods-Chat.release.xcconfig */;
			buildSettings = {
				ASSETCATALOG_COMPILER_APPICON_NAME = AppIcon;
				INFOPLIST_FILE = Chat/Info.plist;
				LD_RUNPATH_SEARCH_PATHS = "$(inherited) @executable_path/Frameworks";
				PRODUCT_NAME = "$(TARGET_NAME)";
			};
			name = Release;
		};
		339A7EA21A3F084A0015BBC1 /* Debug */ = {
			isa = XCBuildConfiguration;
			buildSettings = {
				BUNDLE_LOADER = "$(TEST_HOST)";
				FRAMEWORK_SEARCH_PATHS = (
					"$(SDKROOT)/Developer/Library/Frameworks",
					"$(inherited)",
				);
				GCC_PREPROCESSOR_DEFINITIONS = (
					"DEBUG=1",
					"$(inherited)",
				);
				INFOPLIST_FILE = ChatTests/Info.plist;
				LD_RUNPATH_SEARCH_PATHS = "$(inherited) @executable_path/Frameworks @loader_path/Frameworks";
				PRODUCT_NAME = "$(TARGET_NAME)";
				TEST_HOST = "$(BUILT_PRODUCTS_DIR)/Chat.app/Chat";
			};
			name = Debug;
		};
		339A7EA31A3F084A0015BBC1 /* Release */ = {
			isa = XCBuildConfiguration;
			buildSettings = {
				BUNDLE_LOADER = "$(TEST_HOST)";
				FRAMEWORK_SEARCH_PATHS = (
					"$(SDKROOT)/Developer/Library/Frameworks",
					"$(inherited)",
				);
				INFOPLIST_FILE = ChatTests/Info.plist;
				LD_RUNPATH_SEARCH_PATHS = "$(inherited) @executable_path/Frameworks @loader_path/Frameworks";
				PRODUCT_NAME = "$(TARGET_NAME)";
				TEST_HOST = "$(BUILT_PRODUCTS_DIR)/Chat.app/Chat";
			};
			name = Release;
		};
/* End XCBuildConfiguration section */

/* Begin XCConfigurationList section */
		339A7E761A3F084A0015BBC1 /* Build configuration list for PBXProject "Chat" */ = {
			isa = XCConfigurationList;
			buildConfigurations = (
				339A7E9C1A3F084A0015BBC1 /* Debug */,
				339A7E9D1A3F084A0015BBC1 /* Release */,
			);
			defaultConfigurationIsVisible = 0;
			defaultConfigurationName = Release;
		};
		339A7E9E1A3F084A0015BBC1 /* Build configuration list for PBXNativeTarget "Chat" */ = {
			isa = XCConfigurationList;
			buildConfigurations = (
				339A7E9F1A3F084A0015BBC1 /* Debug */,
				339A7EA01A3F084A0015BBC1 /* Release */,
			);
			defaultConfigurationIsVisible = 0;
			defaultConfigurationName = Release;
		};
		339A7EA11A3F084A0015BBC1 /* Build configuration list for PBXNativeTarget "ChatTests" */ = {
			isa = XCConfigurationList;
			buildConfigurations = (
				339A7EA21A3F084A0015BBC1 /* Debug */,
				339A7EA31A3F084A0015BBC1 /* Release */,
			);
			defaultConfigurationIsVisible = 0;
			defaultConfigurationName = Release;
		};
/* End XCConfigurationList section */
	};
	rootObject = 339A7E731A3F084A0015BBC1 /* Project object */;
}
